
Microsoft Visual Studio Solution File, Format Version 12.00
# Visual Studio Version 16
VisualStudioVersion = 16.0.30517.126
MinimumVisualStudioVersion = 10.0.40219.1
Project("{FAE04EC0-301F-11D3-BF4B-00C04F79EFBC}") = "AdventOfCode2020", "AdventOfCode2020\AdventOfCode2020.csproj", "{657C6AC0-DD8F-4E6E-ABFF-E41CAFD6E30A}"
EndProject
Global
	GlobalSection(SolutionConfigurationPlatforms) = preSolution
		Debug|Any CPU = Debug|Any CPU
		Release|Any CPU = Release|Any CPU
	EndGlobalSection
	GlobalSection(ProjectConfigurationPlatforms) = postSolution
		{657C6AC0-DD8F-4E6E-ABFF-E41CAFD6E30A}.Debug|Any CPU.ActiveCfg = Debug|Any CPU
		{657C6AC0-DD8F-4E6E-ABFF-E41CAFD6E30A}.Debug|Any CPU.Build.0 = Debug|Any CPU
		{657C6AC0-DD8F-4E6E-ABFF-E41CAFD6E30A}.Release|Any CPU.ActiveCfg = Release|Any CPU
		{657C6AC0-DD8F-4E6E-ABFF-E41CAFD6E30A}.Release|Any CPU.Build.0 = Release|Any CPU
	EndGlobalSection
	GlobalSection(SolutionProperties) = preSolution
		HideSolutionNode = FALSE
	EndGlobalSection
	GlobalSection(ExtensibilityGlobals) = postSolution
		SolutionGuid = {27A459D6-2DD5-4207-885E-85B198B1CA4A}
	EndGlobalSection
EndGlobal
